// !$*UTF8*$!
{
	archiveVersion = 1;
	classes = {
	};
	objectVersion = 48;
	objects = {

/* Begin PBXBuildFile section */
		D4941D171FFDD6A000F97CA4 /* AppDelegate.swift in Sources */ = {isa = PBXBuildFile; fileRef = D4941D161FFDD6A000F97CA4 /* AppDelegate.swift */; };
		D4941D191FFDD6A000F97CA4 /* ViewController.swift in Sources */ = {isa = PBXBuildFile; fileRef = D4941D181FFDD6A000F97CA4 /* ViewController.swift */; };
		D4941D1C1FFDD6A000F97CA4 /* Main.storyboard in Resources */ = {isa = PBXBuildFile; fileRef = D4941D1A1FFDD6A000F97CA4 /* Main.storyboard */; };
		D4941D1E1FFDD6A000F97CA4 /* Assets.xcassets in Resources */ = {isa = PBXBuildFile; fileRef = D4941D1D1FFDD6A000F97CA4 /* Assets.xcassets */; };
		D4941D211FFDD6A000F97CA4 /* LaunchScreen.storyboard in Resources */ = {isa = PBXBuildFile; fileRef = D4941D1F1FFDD6A000F97CA4 /* LaunchScreen.storyboard */; };
/* End PBXBuildFile section */

/* Begin PBXFileReference section */
		D4941D131FFDD6A000F97CA4 /* MultipleFontColorLabel.app */ = {isa = PBXFileReference; explicitFileType = wrapper.application; includeInIndex = 0; path = MultipleFontColorLabel.app; sourceTree = BUILT_PRODUCTS_DIR; };
		D4941D161FFDD6A000F97CA4 /* AppDelegate.swift */ = {isa = PBXFileReference; lastKnownFileType = sourcecode.swift; path = AppDelegate.swift; sourceTree = "<group>"; };
		D4941D181FFDD6A000F97CA4 /* ViewController.swift */ = {isa = PBXFileReference; lastKnownFileType = sourcecode.swift; path = ViewController.swift; sourceTree = "<group>"; };
		D4941D1B1FFDD6A000F97CA4 /* Base */ = {isa = PBXFileReference; lastKnownFileType = file.storyboard; name = Base; path = Base.lproj/Main.storyboard; sourceTree = "<group>"; };
		D4941D1D1FFDD6A000F97CA4 /* Assets.xcassets */ = {isa = PBXFileReference; lastKnownFileType = folder.assetcatalog; path = Assets.xcassets; sourceTree = "<group>"; };
		D4941D201FFDD6A000F97CA4 /* Base */ = {isa = PBXFileReference; lastKnownFileType = file.storyboard; name = Base; path = Base.lproj/LaunchScreen.storyboard; sourceTree = "<group>"; };
		D4941D221FFDD6A000F97CA4 /* Info.plist */ = {isa = PBXFileReference; lastKnownFileType = text.plist.xml; path = Info.plist; sourceTree = "<group>"; };
/* End PBXFileReference section */

/* Begin PBXFrameworksBuildPhase section */
		D4941D101FFDD6A000F97CA4 /* Frameworks */ = {
			isa = PBXFrameworksBuildPhase;
			buildActionMask = 2147483647;
			files = (
			);
			runOnlyForDeploymentPostprocessing = 0;
		};
/* End PBXFrameworksBuildPhase section */

/* Begin PBXGroup section */
		D4941D0A1FFDD6A000F97CA4 = {
			isa = PBXGroup;
			children = (
				D4941D151FFDD6A000F97CA4 /* MultipleFontColorLabel */,
				D4941D141FFDD6A000F97CA4 /* Products */,
			);
			sourceTree = "<group>";
		};
		D4941D141FFDD6A000F97CA4 /* Products */ = {
			isa = PBXGroup;
			children = (
				D4941D131FFDD6A000F97CA4 /* MultipleFontColorLabel.app */,
			);
			name = Products;
			sourceTree = "<group>";
		};
		D4941D151FFDD6A000F97CA4 /* MultipleFontColorLabel */ = {
			isa = PBXGroup;
			children = (
				D4941D161FFDD6A000F97CA4 /* AppDelegate.swift */,
				D4941D181FFDD6A000F97CA4 /* ViewController.swift */,
				D4941D1A1FFDD6A000F97CA4 /* Main.storyboard */,
				D4941D1D1FFDD6A000F97CA4 /* Assets.xcassets */,
				D4941D1F1FFDD6A000F97CA4 /* LaunchScreen.storyboard */,
				D4941D221FFDD6A000F97CA4 /* Info.plist */,
			);
			path = MultipleFontColorLabel;
			sourceTree = "<group>";
		};
/* End PBXGroup section */

/* Begin PBXNativeTarget section */
		D4941D121FFDD6A000F97CA4 /* MultipleFontColorLabel */ = {
			isa = PBXNativeTarget;
			buildConfigurationList = D4941D251FFDD6A000F97CA4 /* Build configuration list for PBXNativeTarget "MultipleFontColorLabel" */;
			buildPhases = (
				D4941D0F1FFDD6A000F97CA4 /* Sources */,
				D4941D101FFDD6A000F97CA4 /* Frameworks */,
				D4941D111FFDD6A000F97CA4 /* Resources */,
			);
			buildRules = (
			);
			dependencies = (
			);
			name = MultipleFontColorLabel;
			productName = MultipleFontColorLabel;
			productReference = D4941D131FFDD6A000F97CA4 /* MultipleFontColorLabel.app */;
			productType = "com.apple.product-type.application";
		};
/* End PBXNativeTarget section */

/* Begin PBXProject section */
		D4941D0B1FFDD6A000F97CA4 /* Project object */ = {
			isa = PBXProject;
			attributes = {
				LastSwiftUpdateCheck = 0920;
				LastUpgradeCheck = 0920;
				ORGANIZATIONNAME = "Pawan Kumar";
				TargetAttributes = {
					D4941D121FFDD6A000F97CA4 = {
						CreatedOnToolsVersion = 9.2;
						ProvisioningStyle = Automatic;
					};
				};
			};
			buildConfigurationList = D4941D0E1FFDD6A000F97CA4 /* Build configuration list for PBXProject "MultipleFontColorLabel" */;
			compatibilityVersion = "Xcode 8.0";
			developmentRegion = en;
			hasScannedForEncodings = 0;
			knownRegions = (
				en,
				Base,
			);
			mainGroup = D4941D0A1FFDD6A000F97CA4;
			productRefGroup = D4941D141FFDD6A000F97CA4 /* Products */;
			projectDirPath = "";
			projectRoot = "";
			targets = (
				D4941D121FFDD6A000F97CA4 /* MultipleFontColorLabel */,
			);
		};
/* End PBXProject section */

/* Begin PBXResourcesBuildPhase section */
		D4941D111FFDD6A000F97CA4 /* Resources */ = {
			isa = PBXResourcesBuildPhase;
			buildActionMask = 2147483647;
			files = (
				D4941D211FFDD6A000F97CA4 /* LaunchScreen.storyboard in Resources */,
				D4941D1E1FFDD6A000F97CA4 /* Assets.xcassets in Resources */,
				D4941D1C1FFDD6A000F97CA4 /* Main.storyboard in Resources */,
			);
			runOnlyForDeploymentPostprocessing = 0;
		};
/* End PBXResourcesBuildPhase section */

/* Begin PBXSourcesBuildPhase section */
		D4941D0F1FFDD6A000F97CA4 /* Sources */ = {
			isa = PBXSourcesBuildPhase;
			buildActionMask = 2147483647;
			files = (
				D4941D191FFDD6A000F97CA4 /* ViewController.swift in Sources */,
				D4941D171FFDD6A000F97CA4 /* AppDelegate.swift in Sources */,
			);
			runOnlyForDeploymentPostprocessing = 0;
		};
/* End PBXSourcesBuildPhase section */

/* Begin PBXVariantGroup section */
		D4941D1A1FFDD6A000F97CA4 /* Main.storyboard */ = {
			isa = PBXVariantGroup;
			children = (
				D4941D1B1FFDD6A000F97CA4 /* Base */,
			);
			name = Main.storyboard;
			sourceTree = "<group>";
		};
		D4941D1F1FFDD6A000F97CA4 /* LaunchScreen.storyboard */ = {
			isa = PBXVariantGroup;
			children = (
				D4941D201FFDD6A000F97CA4 /* Base */,
			);
			name = LaunchScreen.storyboard;
			sourceTree = "<group>";
		};
/* End PBXVariantGroup section */

/* Begin XCBuildConfiguration section */
		D4941D231FFDD6A000F97CA4 /* Debug */ = {
			isa = XCBuildConfiguration;
			buildSettings = {
				ALWAYS_SEARCH_USER_PATHS = NO;
				CLANG_ANALYZER_NONNULL = YES;
				CLANG_ANALYZER_NUMBER_OBJECT_CONVERSION = YES_AGGRESSIVE;
				CLANG_CXX_LANGUAGE_STANDARD = "gnu++14";
				CLANG_CXX_LIBRARY = "libc++";
				CLANG_ENABLE_MODULES = YES;
				CLANG_ENABLE_OBJC_ARC = YES;
				CLANG_WARN_BLOCK_CAPTURE_AUTORELEASING = YES;
				CLANG_WARN_BOOL_CONVERSION = YES;
				CLANG_WARN_COMMA = YES;
				CLANG_WARN_CONSTANT_CONVERSION = YES;
				CLANG_WARN_DIRECT_OBJC_ISA_USAGE = YES_ERROR;
				CLANG_WARN_DOCUMENTATION_COMMENTS = YES;
				CLANG_WARN_EMPTY_BODY = YES;
				CLANG_WARN_ENUM_CONVERSION = YES;
				CLANG_WARN_INFINITE_RECURSION = YES;
				CLANG_WARN_INT_CONVERSION = YES;
				CLANG_WARN_NON_LITERAL_NULL_CONVERSION = YES;
				CLANG_WARN_OBJC_LITERAL_CONVERSION = YES;
				CLANG_WARN_OBJC_ROOT_CLASS = YES_ERROR;
				CLANG_WARN_RANGE_LOOP_ANALYSIS = YES;
				CLANG_WARN_STRICT_PROTOTYPES = YES;
				CLANG_WARN_SUSPICIOUS_MOVE = YES;
				CLANG_WARN_UNGUARDED_AVAILABILITY = YES_AGGRESSIVE;
				CLANG_WARN_UNREACHABLE_CODE = YES;
				CLANG_WARN__DUPLICATE_METHOD_MATCH = YES;
				CODE_SIGN_IDENTITY = "iPhone Developer";
				COPY_PHASE_STRIP = NO;
				DEBUG_INFORMATION_FORMAT = dwarf;
				ENABLE_STRICT_OBJC_MSGSEND = YES;
				ENABLE_TESTABILITY = YES;
				GCC_C_LANGUAGE_STANDARD = gnu11;
				GCC_DYNAMIC_NO_PIC = NO;
				GCC_NO_COMMON_BLOCKS = YES;
				GCC_OPTIMIZATION_LEVEL = 0;
				GCC_PREPROCESSOR_DEFINITIONS = (
					"DEBUG=1",
					"$(inherited)",
				);
				GCC_WARN_64_TO_32_BIT_CONVERSION = YES;
				GCC_WARN_ABOUT_RETURN_TYPE = YES_ERROR;
				GCC_WARN_UNDECLARED_SELECTOR = YES;
				GCC_WARN_UNINITIALIZED_AUTOS = YES_AGGRESSIVE;
				GCC_WARN_UNUSED_FUNCTION = YES;
				GCC_WARN_UNUSED_VARIABLE = YES;
				IPHONEOS_DEPLOYMENT_TARGET = 9.0;
				MTL_ENABLE_DEBUG_INFO = YES;
				ONLY_ACTIVE_ARCH = YES;
				SDKROOT = iphoneos;
				SWIFT_ACTIVE_COMPILATION_CONDITIONS = DEBUG;
				SWIFT_OPTIMIZATION_LEVEL = "-Onone";
			};
			name = Debug;
		};
		D4941D241FFDD6A000F97CA4 /* Release */ = {
			isa = XCBuildConfiguration;
			buildSettings = {
				ALWAYS_SEARCH_USER_PATHS = NO;
				CLANG_ANALYZER_NONNULL = YES;
				CLANG_ANALYZER_NUMBER_OBJECT_CONVERSION = YES_AGGRESSIVE;
				CLANG_CXX_LANGUAGE_STANDARD = "gnu++14";
				CLANG_CXX_LIBRARY = "libc++";
				CLANG_ENABLE_MODULES = YES;
				CLANG_ENABLE_OBJC_ARC = YES;
				CLANG_WARN_BLOCK_CAPTURE_AUTORELEASING = YES;
				CLANG_WARN_BOOL_CONVERSION = YES;
				CLANG_WARN_COMMA = YES;
				CLANG_WARN_CONSTANT_CONVERSION = YES;
				CLANG_WARN_DIRECT_OBJC_ISA_USAGE = YES_ERROR;
				CLANG_WARN_DOCUMENTATION_COMMENTS = YES;
				CLANG_WARN_EMPTY_BODY = YES;
				CLANG_WARN_ENUM_CONVERSION = YES;
				CLANG_WARN_INFINITE_RECURSION = YES;
				CLANG_WARN_INT_CONVERSION = YES;
				CLANG_WARN_NON_LITERAL_NULL_CONVERSION = YES;
				CLANG_WARN_OBJC_LITERAL_CONVERSION = YES;
				CLANG_WARN_OBJC_ROOT_CLASS = YES_ERROR;
				CLANG_WARN_RANGE_LOOP_ANALYSIS = YES;
				CLANG_WARN_STRICT_PROTOTYPES = YES;
				CLANG_WARN_SUSPICIOUS_MOVE = YES;
				CLANG_WARN_UNGUARDED_AVAILABILITY = YES_AGGRESSIVE;
				CLANG_WARN_UNREACHABLE_CODE = YES;
				CLANG_WARN__DUPLICATE_METHOD_MATCH = YES;
				CODE_SIGN_IDENTITY = "iPhone Developer";
				COPY_PHASE_STRIP = NO;
				DEBUG_INFORMATION_FORMAT = "dwarf-with-dsym";
				ENABLE_NS_ASSERTIONS = NO;
				ENABLE_STRICT_OBJC_MSGSEND = YES;
				GCC_C_LANGUAGE_STANDARD = gnu11;
				GCC_NO_COMMON_BLOCKS = YES;
				GCC_WARN_64_TO_32_BIT_CONVERSION = YES;
				GCC_WARN_ABOUT_RETURN_TYPE = YES_ERROR;
				GCC_WARN_UNDECLARED_SELECTOR = YES;
				GCC_WARN_UNINITIALIZED_AUTOS = YES_AGGRESSIVE;
				GCC_WARN_UNUSED_FUNCTION = YES;
				GCC_WARN_UNUSED_VARIABLE = YES;
				IPHONEOS_DEPLOYMENT_TARGET = 9.0;
				MTL_ENABLE_DEBUG_INFO = NO;
				SDKROOT = iphoneos;
				SWIFT_OPTIMIZATION_LEVEL = "-Owholemodule";
				VALIDATE_PRODUCT = YES;
			};
			name = Release;
		};
		D4941D261FFDD6A000F97CA4 /* Debug */ = {
			isa = XCBuildConfiguration;
			buildSettings = {
				ASSETCATALOG_COMPILER_APPICON_NAME = AppIcon;
				CODE_SIGN_STYLE = Automatic;
				DEVELOPMENT_TEAM = E638AEDMEK;
				INFOPLIST_FILE = MultipleFontColorLabel/Info.plist;
				IPHONEOS_DEPLOYMENT_TARGET = 9.0;
				LD_RUNPATH_SEARCH_PATHS = "$(inherited) @executable_path/Frameworks";
				PRODUCT_BUNDLE_IDENTIFIER = com.pk.MultipleFontColorLabel;
				PRODUCT_NAME = "$(TARGET_NAME)";
				SWIFT_VERSION = 4.0;
				TARGETED_DEVICE_FAMILY = "1,2";
			};
			name = Debug;
		};
		D4941D271FFDD6A000F97CA4 /* Release */ = {
			isa = XCBuildConfiguration;
			buildSettings = {
				ASSETCATALOG_COMPILER_APPICON_NAME = AppIcon;
				CODE_SIGN_STYLE = Automatic;
				DEVELOPMENT_TEAM = E638AEDMEK;
				INFOPLIST_FILE = MultipleFontColorLabel/Info.plist;
				IPHONEOS_DEPLOYMENT_TARGET = 9.0;
				LD_RUNPATH_SEARCH_PATHS = "$(inherited) @executable_path/Frameworks";
				PRODUCT_BUNDLE_IDENTIFIER = com.pk.MultipleFontColorLabel;
				PRODUCT_NAME = "$(TARGET_NAME)";
				SWIFT_VERSION = 4.0;
				TARGETED_DEVICE_FAMILY = "1,2";
			};
			name = Release;
		};
/* End XCBuildConfiguration section */

/* Begin XCConfigurationList section */
		D4941D0E1FFDD6A000F97CA4 /* Build configuration list for PBXProject "MultipleFontColorLabel" */ = {
			isa = XCConfigurationList;
			buildConfigurations = (
				D4941D231FFDD6A000F97CA4 /* Debug */,
				D4941D241FFDD6A000F97CA4 /* Release */,
			);
			defaultConfigurationIsVisible = 0;
			defaultConfigurationName = Release;
		};
		D4941D251FFDD6A000F97CA4 /* Build configuration list for PBXNativeTarget "MultipleFontColorLabel" */ = {
			isa = XCConfigurationList;
			buildConfigurations = (
				D4941D261FFDD6A000F97CA4 /* Debug */,
				D4941D271FFDD6A000F97CA4 /* Release */,
			);
			defaultConfigurationIsVisible = 0;
			defaultConfigurationName = Release;
		};
/* End XCConfigurationList section */
	};
	rootObject = D4941D0B1FFDD6A000F97CA4 /* Project object */;
}
